
Microsoft Visual Studio Solution File, Format Version 12.00
# Visual Studio Version 16
VisualStudioVersion = 16.0.29306.81
MinimumVisualStudioVersion = 10.0.40219.1
Project("{FAE04EC0-301F-11D3-BF4B-00C04F79EFBC}") = "BuyPamojaMpesaIntegration", "BuyPamojaMpesaIntegration\BuyPamojaMpesaIntegration.csproj", "{1A42681B-BFBC-49CF-8696-F628C3784422}"
EndProject
Global
	GlobalSection(SolutionConfigurationPlatforms) = preSolution
		Debug|Any CPU = Debug|Any CPU
		Release|Any CPU = Release|Any CPU
	EndGlobalSection
	GlobalSection(ProjectConfigurationPlatforms) = postSolution
		{1A42681B-BFBC-49CF-8696-F628C3784422}.Debug|Any CPU.ActiveCfg = Debug|Any CPU
		{1A42681B-BFBC-49CF-8696-F628C3784422}.Debug|Any CPU.Build.0 = Debug|Any CPU
		{1A42681B-BFBC-49CF-8696-F628C3784422}.Release|Any CPU.ActiveCfg = Release|Any CPU
		{1A42681B-BFBC-49CF-8696-F628C3784422}.Release|Any CPU.Build.0 = Release|Any CPU
	EndGlobalSection
	GlobalSection(SolutionProperties) = preSolution
		HideSolutionNode = FALSE
	EndGlobalSection
	GlobalSection(ExtensibilityGlobals) = postSolution
		SolutionGuid = {29DFEBBC-9B37-4466-9E27-A9545FDFBA4C}
	EndGlobalSection
EndGlobal
